
Microsoft Visual Studio Solution File, Format Version 12.00
# Visual Studio 15
VisualStudioVersion = 15.0.28307.136
MinimumVisualStudioVersion = 10.0.40219.1
Project("{FAE04EC0-301F-11D3-BF4B-00C04F79EFBC}") = "Mind.Arquivos.Dominio", "Mind.Arquivos.Dominio\Mind.Arquivos.Dominio.csproj", "{A5F64E71-072F-4BFF-82E3-5B70497B8D56}"
EndProject
Project("{FAE04EC0-301F-11D3-BF4B-00C04F79EFBC}") = "Mind.Arquivos.Aplicativo", "Mind.Arquivos.Aplicativo\Mind.Arquivos.Aplicativo.csproj", "{B861ADCA-D123-4C57-997A-6546E2441DC3}"
EndProject
Global
	GlobalSection(SolutionConfigurationPlatforms) = preSolution
		Debug|Any CPU = Debug|Any CPU
		Release|Any CPU = Release|Any CPU
	EndGlobalSection
	GlobalSection(ProjectConfigurationPlatforms) = postSolution
		{A5F64E71-072F-4BFF-82E3-5B70497B8D56}.Debug|Any CPU.ActiveCfg = Debug|Any CPU
		{A5F64E71-072F-4BFF-82E3-5B70497B8D56}.Debug|Any CPU.Build.0 = Debug|Any CPU
		{A5F64E71-072F-4BFF-82E3-5B70497B8D56}.Release|Any CPU.ActiveCfg = Release|Any CPU
		{A5F64E71-072F-4BFF-82E3-5B70497B8D56}.Release|Any CPU.Build.0 = Release|Any CPU
		{B861ADCA-D123-4C57-997A-6546E2441DC3}.Debug|Any CPU.ActiveCfg = Debug|Any CPU
		{B861ADCA-D123-4C57-997A-6546E2441DC3}.Debug|Any CPU.Build.0 = Debug|Any CPU
		{B861ADCA-D123-4C57-997A-6546E2441DC3}.Release|Any CPU.ActiveCfg = Release|Any CPU
		{B861ADCA-D123-4C57-997A-6546E2441DC3}.Release|Any CPU.Build.0 = Release|Any CPU
	EndGlobalSection
	GlobalSection(SolutionProperties) = preSolution
		HideSolutionNode = FALSE
	EndGlobalSection
	GlobalSection(ExtensibilityGlobals) = postSolution
		SolutionGuid = {A8AA2FF1-8954-49D7-A005-520014B4E380}
	EndGlobalSection
EndGlobal
